<?xml version="1.0" encoding="utf-8"?>
<Project ToolsVersion="4.0" xmlns="http://schemas.microsoft.com/developer/msbuild/2003">
  <ItemGroup>
    <Filter Include="win32">
      <UniqueIdentifier>{84a8ebd7-7cf0-47f6-b75e-d441df67da40}</UniqueIdentifier>
    </Filter>
    <Filter Include="resource">
      <UniqueIdentifier>{715254bc-d70b-4ec5-bf29-467dd3ace079}</UniqueIdentifier>
    </Filter>
    <Filter Include="Classes">
      <UniqueIdentifier>{bb6c862e-70e9-49d9-81b7-3829a6f50471}</UniqueIdentifier>
    </Filter>
    <Filter Include="Classes\ui">
      <UniqueIdentifier>{8c035330-419c-442b-a499-6cfaa177655c}</UniqueIdentifier>
    </Filter>
    <Filter Include="Classes\common">
      <UniqueIdentifier>{82346481-85c8-4588-86b7-fae8a4f2e9bf}</UniqueIdentifier>
    </Filter>
    <Filter Include="Classes\scene">
      <UniqueIdentifier>{3c8788a0-96a6-48d4-b248-97b584267d3c}</UniqueIdentifier>
    </Filter>
    <Filter Include="Classes\logic">
      <UniqueIdentifier>{94f8f1ff-c0f2-4665-851c-1eb9a2505690}</UniqueIdentifier>
    </Filter>
    <Filter Include="Classes\utils">
      <UniqueIdentifier>{98148cc1-e49d-49b7-badc-55281b045a94}</UniqueIdentifier>
    </Filter>
    <Filter Include="Classes\object">
      <UniqueIdentifier>{599f8213-df53-4955-a36f-1478639329c0}</UniqueIdentifier>
    </Filter>
    <Filter Include="Classes\lua">
      <UniqueIdentifier>{17f06388-7e6a-427c-84c6-cb76fc10acb6}</UniqueIdentifier>
    </Filter>
  </ItemGroup>
  <ItemGroup>
    <ClCompile Include="main.cpp">
      <Filter>win32</Filter>
    </ClCompile>
    <ClCompile Include="..\Classes\AppDelegate.cpp" />
    <ClCompile Include="..\Classes\common\DownManager.cpp">
      <Filter>Classes\common</Filter>
    </ClCompile>
    <ClCompile Include="..\Classes\common\PackageData.cpp">
      <Filter>Classes\common</Filter>
    </ClCompile>
    <ClCompile Include="..\Classes\scene\LoginScene.cpp">
      <Filter>Classes\scene</Filter>
    </ClCompile>
    <ClCompile Include="..\Classes\ui\UIBaseNode.cpp">
      <Filter>Classes\ui</Filter>
    </ClCompile>
    <ClCompile Include="..\Classes\ui\UIManager.cpp">
      <Filter>Classes\ui</Filter>
    </ClCompile>
    <ClCompile Include="..\Classes\ui\UIUpdate.cpp">
      <Filter>Classes\ui</Filter>
    </ClCompile>
    <ClCompile Include="..\Classes\scene\GameScene.cpp">
      <Filter>Classes\scene</Filter>
    </ClCompile>
    <ClCompile Include="..\Classes\ui\UILogin.cpp">
      <Filter>Classes\ui</Filter>
    </ClCompile>
    <ClCompile Include="..\Classes\ui\RichTextBox.cpp">
      <Filter>Classes\ui</Filter>
    </ClCompile>
    <ClCompile Include="..\Classes\ui\UIChat.cpp">
      <Filter>Classes\ui</Filter>
    </ClCompile>
    <ClCompile Include="..\Classes\logic\GameMap.cpp">
      <Filter>Classes\logic</Filter>
    </ClCompile>
    <ClCompile Include="..\Classes\ui\UILoading.cpp">
      <Filter>Classes\ui</Filter>
    </ClCompile>
    <ClCompile Include="..\Classes\utils\FileReader.cpp">
      <Filter>Classes\utils</Filter>
    </ClCompile>
    <ClCompile Include="..\Classes\utils\Utils.cpp">
      <Filter>Classes\utils</Filter>
    </ClCompile>
    <ClCompile Include="..\Classes\utils\GameAtlasMgr.cpp">
      <Filter>Classes\utils</Filter>
    </ClCompile>
    <ClCompile Include="..\Classes\object\GameObject.cpp">
      <Filter>Classes\object</Filter>
    </ClCompile>
    <ClCompile Include="..\Classes\object\ObjectDataMgr.cpp">
      <Filter>Classes\object</Filter>
    </ClCompile>
    <ClCompile Include="..\Classes\object\ObjectData.cpp">
      <Filter>Classes\object</Filter>
    </ClCompile>
    <ClCompile Include="..\Classes\logic\GameEvent.cpp">
      <Filter>Classes\logic</Filter>
    </ClCompile>
    <ClCompile Include="..\Classes\lua\lua_game_manual.cpp">
      <Filter>Classes\lua</Filter>
    </ClCompile>
    <ClCompile Include="..\Classes\lua\lua_game_auto.cpp">
      <Filter>Classes\lua</Filter>
    </ClCompile>
    <ClCompile Include="..\Classes\logic\GameDispatcher.cpp">
      <Filter>Classes\logic</Filter>
    </ClCompile>
    <ClCompile Include="..\Classes\object\GameAction.cpp">
      <Filter>Classes\object</Filter>
    </ClCompile>
    <ClCompile Include="..\Classes\object\GamePlayer.cpp">
      <Filter>Classes\object</Filter>
    </ClCompile>
    <ClCompile Include="..\Classes\logic\GameObjectMgr.cpp">
      <Filter>Classes\logic</Filter>
    </ClCompile>
    <ClCompile Include="..\Classes\ui\UIRocker.cpp">
      <Filter>Classes\ui</Filter>
    </ClCompile>
    <ClCompile Include="..\Classes\common\FindPath.cpp">
      <Filter>Classes\common</Filter>
    </ClCompile>
    <ClCompile Include="..\Classes\common\DrawHelper.cpp">
      <Filter>Classes\common</Filter>
    </ClCompile>
    <ClCompile Include="..\Classes\ui\UISkilPanel.cpp">
      <Filter>Classes\ui</Filter>
    </ClCompile>
    <ClCompile Include="..\Classes\object\GameEffect.cpp">
      <Filter>Classes\object</Filter>
    </ClCompile>
    <ClCompile Include="..\Classes\utils\ShaderMgr.cpp">
      <Filter>Classes\utils</Filter>
    </ClCompile>
    <ClCompile Include="..\Classes\logic\GameAI.cpp">
      <Filter>Classes\logic</Filter>
    </ClCompile>
    <ClCompile Include="..\Classes\ui\UISelTarget.cpp">
      <Filter>Classes\ui</Filter>
    </ClCompile>
  </ItemGroup>
  <ItemGroup>
    <ClInclude Include="main.h">
      <Filter>win32</Filter>
    </ClInclude>
    <ClInclude Include="..\Classes\AppDelegate.h" />
    <ClInclude Include="..\Classes\common\DownManager.h">
      <Filter>Classes\common</Filter>
    </ClInclude>
    <ClInclude Include="..\Classes\common\PackageData.h">
      <Filter>Classes\common</Filter>
    </ClInclude>
    <ClInclude Include="..\Classes\scene\LoginScene.h">
      <Filter>Classes\scene</Filter>
    </ClInclude>
    <ClInclude Include="..\Classes\ui\UIBaseNode.h">
      <Filter>Classes\ui</Filter>
    </ClInclude>
    <ClInclude Include="..\Classes\ui\UIManager.h">
      <Filter>Classes\ui</Filter>
    </ClInclude>
    <ClInclude Include="..\Classes\ui\UIUpdate.h">
      <Filter>Classes\ui</Filter>
    </ClInclude>
    <ClInclude Include="..\Classes\scene\GameScene.h">
      <Filter>Classes\scene</Filter>
    </ClInclude>
    <ClInclude Include="..\Classes\ui\UILogin.h">
      <Filter>Classes\ui</Filter>
    </ClInclude>
    <ClInclude Include="..\Classes\ui\RichTextBox.h">
      <Filter>Classes\ui</Filter>
    </ClInclude>
    <ClInclude Include="..\Classes\common\CocosHead.h">
      <Filter>Classes\common</Filter>
    </ClInclude>
    <ClInclude Include="..\Classes\ui\UIChat.h">
      <Filter>Classes\ui</Filter>
    </ClInclude>
    <ClInclude Include="..\Classes\logic\GameMap.h">
      <Filter>Classes\logic</Filter>
    </ClInclude>
    <ClInclude Include="..\Classes\ui\UILoading.h">
      <Filter>Classes\ui</Filter>
    </ClInclude>
    <ClInclude Include="..\Classes\utils\FileReader.h">
      <Filter>Classes\utils</Filter>
    </ClInclude>
    <ClInclude Include="..\Classes\utils\Utils.h">
      <Filter>Classes\utils</Filter>
    </ClInclude>
    <ClInclude Include="..\Classes\utils\GameAtlasMgr.h">
      <Filter>Classes\utils</Filter>
    </ClInclude>
    <ClInclude Include="..\Classes\object\GameObject.h">
      <Filter>Classes\object</Filter>
    </ClInclude>
    <ClInclude Include="..\Classes\object\ObjectDataMgr.h">
      <Filter>Classes\object</Filter>
    </ClInclude>
    <ClInclude Include="..\Classes\object\ObjectData.h">
      <Filter>Classes\object</Filter>
    </ClInclude>
    <ClInclude Include="..\Classes\lua_module_register.h" />
    <ClInclude Include="..\Classes\logic\GameEvent.h">
      <Filter>Classes\logic</Filter>
    </ClInclude>
    <ClInclude Include="..\Classes\lua\lua_game_manual.hpp">
      <Filter>Classes\lua</Filter>
    </ClInclude>
    <ClInclude Include="..\Classes\lua\lua_game_auto.hpp">
      <Filter>Classes\lua</Filter>
    </ClInclude>
    <ClInclude Include="..\Classes\logic\GameDispatcher.h">
      <Filter>Classes\logic</Filter>
    </ClInclude>
    <ClInclude Include="..\Classes\common\Global.h">
      <Filter>Classes\common</Filter>
    </ClInclude>
    <ClInclude Include="..\Classes\object\GameAction.h">
      <Filter>Classes\object</Filter>
    </ClInclude>
    <ClInclude Include="..\Classes\object\GamePlayer.h">
      <Filter>Classes\object</Filter>
    </ClInclude>
    <ClInclude Include="..\Classes\logic\GameObjectMgr.h">
      <Filter>Classes\logic</Filter>
    </ClInclude>
    <ClInclude Include="..\Classes\common\DrawHelper.h">
      <Filter>Classes\common</Filter>
    </ClInclude>
    <ClInclude Include="..\Classes\ui\UIRocker.h">
      <Filter>Classes\ui</Filter>
    </ClInclude>
    <ClInclude Include="..\Classes\common\FindPath.h">
      <Filter>Classes\common</Filter>
    </ClInclude>
    <ClInclude Include="..\Classes\ui\UISkilPanel.h">
      <Filter>Classes\ui</Filter>
    </ClInclude>
    <ClInclude Include="..\Classes\object\GameEffect.h">
      <Filter>Classes\object</Filter>
    </ClInclude>
    <ClInclude Include="..\Classes\utils\ShaderMgr.h">
      <Filter>Classes\utils</Filter>
    </ClInclude>
    <ClInclude Include="..\Classes\logic\GameAI.h">
      <Filter>Classes\logic</Filter>
    </ClInclude>
    <ClInclude Include="..\Classes\ui\UISelTarget.h">
      <Filter>Classes\ui</Filter>
    </ClInclude>
  </ItemGroup>
  <ItemGroup>
    <ResourceCompile Include="game.rc">
      <Filter>resource</Filter>
    </ResourceCompile>
  </ItemGroup>
</Project>